
Microsoft Visual Studio Solution File, Format Version 12.00
# Visual Studio 15
VisualStudioVersion = 15.0.28307.1000
MinimumVisualStudioVersion = 10.0.40219.1
Project("{FAE04EC0-301F-11D3-BF4B-00C04F79EFBC}") = "MVC_Pratice", "MVC_Pratice\MVC_Pratice.csproj", "{AEF25976-B7A9-4A00-85A7-17E975FBF244}"
EndProject
Global
	GlobalSection(SolutionConfigurationPlatforms) = preSolution
		Debug|Any CPU = Debug|Any CPU
		Release|Any CPU = Release|Any CPU
	EndGlobalSection
	GlobalSection(ProjectConfigurationPlatforms) = postSolution
		{AEF25976-B7A9-4A00-85A7-17E975FBF244}.Debug|Any CPU.ActiveCfg = Debug|Any CPU
		{AEF25976-B7A9-4A00-85A7-17E975FBF244}.Debug|Any CPU.Build.0 = Debug|Any CPU
		{AEF25976-B7A9-4A00-85A7-17E975FBF244}.Release|Any CPU.ActiveCfg = Release|Any CPU
		{AEF25976-B7A9-4A00-85A7-17E975FBF244}.Release|Any CPU.Build.0 = Release|Any CPU
	EndGlobalSection
	GlobalSection(SolutionProperties) = preSolution
		HideSolutionNode = FALSE
	EndGlobalSection
	GlobalSection(ExtensibilityGlobals) = postSolution
		SolutionGuid = {E866B4B3-6BBC-4416-8CD8-C0EA47AF2234}
	EndGlobalSection
EndGlobal
